
Microsoft Visual Studio Solution File, Format Version 12.00
# Visual Studio Version 17
VisualStudioVersion = 17.10.35004.147
MinimumVisualStudioVersion = 10.0.40219.1
Project("{9A19103F-16F7-4668-BE54-9A1E7A4F7556}") = "WYF.Bos", "WYF.Bos\WYF.Bos.csproj", "{E2DED097-CEBD-416E-9B6B-15FB2DD50A67}"
EndProject
Project("{9A19103F-16F7-4668-BE54-9A1E7A4F7556}") = "WYF.Common", "WYF.Common\WYF.Common.csproj", "{640225DE-B2F1-4346-AFEF-2C4C4ABAE478}"
EndProject
Project("{9A19103F-16F7-4668-BE54-9A1E7A4F7556}") = "WYF", "WYF\WYF.csproj", "{E00BE721-5B37-4D60-BE12-203007145FE4}"
EndProject
Project("{9A19103F-16F7-4668-BE54-9A1E7A4F7556}") = "WFY.SqlSugar", "WFY.SqlSugar\WFY.SqlSugar.csproj", "{22542399-CF53-4C86-A1A3-55EBAF5337D9}"
EndProject
Project("{9A19103F-16F7-4668-BE54-9A1E7A4F7556}") = "ConsoleApp1", "ConsoleApp1\ConsoleApp1.csproj", "{29F084C8-7D70-466E-8263-9C9E78BE5E43}"
EndProject
Project("{9A19103F-16F7-4668-BE54-9A1E7A4F7556}") = "WYF.DataEntity", "WYF.DataEntity\WYF.DataEntity.csproj", "{6CCDE2EA-77F6-4F20-BABD-2B8611C792F4}"
EndProject
Project("{9A19103F-16F7-4668-BE54-9A1E7A4F7556}") = "WYF.OrmEngine", "WYF.OrmEngine\WYF.OrmEngine.csproj", "{E40CBF6D-74EF-402C-92B3-87A274929BA7}"
EndProject
Project("{9A19103F-16F7-4668-BE54-9A1E7A4F7556}") = "WYF.DbEngine", "WYF.DbEngine\WYF.DbEngine.csproj", "{1F5F321F-C91E-47D6-AFD3-37D27E21C05B}"
EndProject
Project("{9A19103F-16F7-4668-BE54-9A1E7A4F7556}") = "ConsoleApp2", "ConsoleApp2\ConsoleApp2.csproj", "{E1EC7DEE-ACDA-4E92-807A-3C92BE7FE4AF}"
EndProject
Project("{9A19103F-16F7-4668-BE54-9A1E7A4F7556}") = "WYF.ServiceHelper", "WYF.ServiceHelper\WYF.ServiceHelper.csproj", "{539AC65E-0D3C-401A-B215-CEF9329A3EC5}"
EndProject
Project("{9A19103F-16F7-4668-BE54-9A1E7A4F7556}") = "WYF.Business.Dao", "WYF.Business.Dao\WYF.Business.Dao.csproj", "{CB120EE5-392F-4B42-A69B-341BA2CC2F50}"
EndProject
Project("{9A19103F-16F7-4668-BE54-9A1E7A4F7556}") = "WYF.KSQL", "WYF.KSQL\WYF.KSQL.csproj", "{450480DD-B8C4-4AE8-9F2E-2511C7B8D44E}"
EndProject
Project("{9A19103F-16F7-4668-BE54-9A1E7A4F7556}") = "WYF.Form.Core", "WYF.Form\WYF.Form.Core.csproj", "{51AA4BF4-1650-43C3-A31A-52EE8041D283}"
EndProject
Project("{9A19103F-16F7-4668-BE54-9A1E7A4F7556}") = "WYF.Metadata", "WYF.Metadata\WYF.Metadata.csproj", "{04C1C384-B0D4-4209-BB0D-E500237AC103}"
EndProject
Project("{9A19103F-16F7-4668-BE54-9A1E7A4F7556}") = "WYF.Cache", "WYF.Cache\WYF.Cache.csproj", "{251125B8-06D6-4B54-98C7-D22839FE851F}"
EndProject
Project("{9A19103F-16F7-4668-BE54-9A1E7A4F7556}") = "WYF.Framework", "WYF.FrameWork\WYF.Framework.csproj", "{64DB4F59-EBEA-4281-ACA2-8DC7C6F40601}"
EndProject
Project("{9A19103F-16F7-4668-BE54-9A1E7A4F7556}") = "WinFormsApp1", "WinFormsApp1\WinFormsApp1.csproj", "{3F5E1C80-1025-49EB-A134-2D5F77DEA0AA}"
EndProject
Project("{9A19103F-16F7-4668-BE54-9A1E7A4F7556}") = "WYF.Entity.Core", "WYF.Entity.Core\WYF.Entity.Core.csproj", "{C0CA53F3-78C1-4A0B-9092-126AF1D0F593}"
EndProject
Project("{9A19103F-16F7-4668-BE54-9A1E7A4F7556}") = "WYF.Form.Mvc", "WYF.Form.Mvc\WYF.Form.Mvc.csproj", "{B3566CA0-4A33-47D8-8A72-272927809A78}"
EndProject
Project("{2150E333-8FDC-42A3-9474-1A3956D46DE8}") = "Microservices", "Microservices", "{1F47634E-6252-4F65-9B83-6AE95512DA3E}"
EndProject
Project("{9A19103F-16F7-4668-BE54-9A1E7A4F7556}") = "WYF.MService.From.Api", "WYF.MService.From.Api\WYF.MService.From.Api.csproj", "{464B020E-AF16-49C0-B643-5030A1BC087F}"
EndProject
Project("{9A19103F-16F7-4668-BE54-9A1E7A4F7556}") = "WYF.MService.From", "WYF.MService.From\WYF.MService.From.csproj", "{BCCB3BF8-5104-4FD4-9744-F17FAA892548}"
EndProject
Project("{9A19103F-16F7-4668-BE54-9A1E7A4F7556}") = "WebApplication1", "WebApplication1\WebApplication1.csproj", "{4A30152C-F373-4FB8-B6CE-C0C99E943CB1}"
EndProject
Project("{FAE04EC0-301F-11D3-BF4B-00C04F79EFBC}") = "WYF.Mq", "WYF.Mq\WYF.Mq.csproj", "{91607762-4DA1-4F1E-A52C-16500445BB17}"
EndProject
Project("{FAE04EC0-301F-11D3-BF4B-00C04F79EFBC}") = "WYF.Fake", "WYF.Fake\WYF.Fake.csproj", "{1C885F84-DA6E-41A0-ACD9-21745BEF0475}"
EndProject
Project("{2150E333-8FDC-42A3-9474-1A3956D46DE8}") = "解决方案项", "解决方案项", "{DC35DD84-0E32-4D3E-94F1-B3461E9AE6C4}"
	ProjectSection(SolutionItems) = preProject
		WYF.Algo\WYF.Algo.csproj.user = WYF.Algo\WYF.Algo.csproj.user
	EndProjectSection
EndProject
Project("{FAE04EC0-301F-11D3-BF4B-00C04F79EFBC}") = "WYF.Algo", "WYF.Algo\WYF.Algo.csproj", "{E420F9E1-6517-4F27-8953-DFDADB222F15}"
EndProject
Global
	GlobalSection(SolutionConfigurationPlatforms) = preSolution
		Debug|Any CPU = Debug|Any CPU
		Debug|x64 = Debug|x64
		Debug|x86 = Debug|x86
		Release|Any CPU = Release|Any CPU
		Release|x64 = Release|x64
		Release|x86 = Release|x86
	EndGlobalSection
	GlobalSection(ProjectConfigurationPlatforms) = postSolution
		{E2DED097-CEBD-416E-9B6B-15FB2DD50A67}.Debug|Any CPU.ActiveCfg = Debug|Any CPU
		{E2DED097-CEBD-416E-9B6B-15FB2DD50A67}.Debug|Any CPU.Build.0 = Debug|Any CPU
		{E2DED097-CEBD-416E-9B6B-15FB2DD50A67}.Debug|x64.ActiveCfg = Debug|Any CPU
		{E2DED097-CEBD-416E-9B6B-15FB2DD50A67}.Debug|x64.Build.0 = Debug|Any CPU
		{E2DED097-CEBD-416E-9B6B-15FB2DD50A67}.Debug|x86.ActiveCfg = Debug|Any CPU
		{E2DED097-CEBD-416E-9B6B-15FB2DD50A67}.Debug|x86.Build.0 = Debug|Any CPU
		{E2DED097-CEBD-416E-9B6B-15FB2DD50A67}.Release|Any CPU.ActiveCfg = Release|Any CPU
		{E2DED097-CEBD-416E-9B6B-15FB2DD50A67}.Release|Any CPU.Build.0 = Release|Any CPU
		{E2DED097-CEBD-416E-9B6B-15FB2DD50A67}.Release|x64.ActiveCfg = Release|Any CPU
		{E2DED097-CEBD-416E-9B6B-15FB2DD50A67}.Release|x64.Build.0 = Release|Any CPU
		{E2DED097-CEBD-416E-9B6B-15FB2DD50A67}.Release|x86.ActiveCfg = Release|Any CPU
		{E2DED097-CEBD-416E-9B6B-15FB2DD50A67}.Release|x86.Build.0 = Release|Any CPU
		{640225DE-B2F1-4346-AFEF-2C4C4ABAE478}.Debug|Any CPU.ActiveCfg = Debug|Any CPU
		{640225DE-B2F1-4346-AFEF-2C4C4ABAE478}.Debug|Any CPU.Build.0 = Debug|Any CPU
		{640225DE-B2F1-4346-AFEF-2C4C4ABAE478}.Debug|x64.ActiveCfg = Debug|Any CPU
		{640225DE-B2F1-4346-AFEF-2C4C4ABAE478}.Debug|x64.Build.0 = Debug|Any CPU
		{640225DE-B2F1-4346-AFEF-2C4C4ABAE478}.Debug|x86.ActiveCfg = Debug|Any CPU
		{640225DE-B2F1-4346-AFEF-2C4C4ABAE478}.Debug|x86.Build.0 = Debug|Any CPU
		{640225DE-B2F1-4346-AFEF-2C4C4ABAE478}.Release|Any CPU.ActiveCfg = Release|Any CPU
		{640225DE-B2F1-4346-AFEF-2C4C4ABAE478}.Release|Any CPU.Build.0 = Release|Any CPU
		{640225DE-B2F1-4346-AFEF-2C4C4ABAE478}.Release|x64.ActiveCfg = Release|Any CPU
		{640225DE-B2F1-4346-AFEF-2C4C4ABAE478}.Release|x64.Build.0 = Release|Any CPU
		{640225DE-B2F1-4346-AFEF-2C4C4ABAE478}.Release|x86.ActiveCfg = Release|Any CPU
		{640225DE-B2F1-4346-AFEF-2C4C4ABAE478}.Release|x86.Build.0 = Release|Any CPU
		{E00BE721-5B37-4D60-BE12-203007145FE4}.Debug|Any CPU.ActiveCfg = Debug|Any CPU
		{E00BE721-5B37-4D60-BE12-203007145FE4}.Debug|Any CPU.Build.0 = Debug|Any CPU
		{E00BE721-5B37-4D60-BE12-203007145FE4}.Debug|x64.ActiveCfg = Debug|Any CPU
		{E00BE721-5B37-4D60-BE12-203007145FE4}.Debug|x64.Build.0 = Debug|Any CPU
		{E00BE721-5B37-4D60-BE12-203007145FE4}.Debug|x86.ActiveCfg = Debug|Any CPU
		{E00BE721-5B37-4D60-BE12-203007145FE4}.Debug|x86.Build.0 = Debug|Any CPU
		{E00BE721-5B37-4D60-BE12-203007145FE4}.Release|Any CPU.ActiveCfg = Release|Any CPU
		{E00BE721-5B37-4D60-BE12-203007145FE4}.Release|Any CPU.Build.0 = Release|Any CPU
		{E00BE721-5B37-4D60-BE12-203007145FE4}.Release|x64.ActiveCfg = Release|Any CPU
		{E00BE721-5B37-4D60-BE12-203007145FE4}.Release|x64.Build.0 = Release|Any CPU
		{E00BE721-5B37-4D60-BE12-203007145FE4}.Release|x86.ActiveCfg = Release|Any CPU
		{E00BE721-5B37-4D60-BE12-203007145FE4}.Release|x86.Build.0 = Release|Any CPU
		{22542399-CF53-4C86-A1A3-55EBAF5337D9}.Debug|Any CPU.ActiveCfg = Debug|Any CPU
		{22542399-CF53-4C86-A1A3-55EBAF5337D9}.Debug|Any CPU.Build.0 = Debug|Any CPU
		{22542399-CF53-4C86-A1A3-55EBAF5337D9}.Debug|x64.ActiveCfg = Debug|Any CPU
		{22542399-CF53-4C86-A1A3-55EBAF5337D9}.Debug|x64.Build.0 = Debug|Any CPU
		{22542399-CF53-4C86-A1A3-55EBAF5337D9}.Debug|x86.ActiveCfg = Debug|Any CPU
		{22542399-CF53-4C86-A1A3-55EBAF5337D9}.Debug|x86.Build.0 = Debug|Any CPU
		{22542399-CF53-4C86-A1A3-55EBAF5337D9}.Release|Any CPU.ActiveCfg = Release|Any CPU
		{22542399-CF53-4C86-A1A3-55EBAF5337D9}.Release|Any CPU.Build.0 = Release|Any CPU
		{22542399-CF53-4C86-A1A3-55EBAF5337D9}.Release|x64.ActiveCfg = Release|Any CPU
		{22542399-CF53-4C86-A1A3-55EBAF5337D9}.Release|x64.Build.0 = Release|Any CPU
		{22542399-CF53-4C86-A1A3-55EBAF5337D9}.Release|x86.ActiveCfg = Release|Any CPU
		{22542399-CF53-4C86-A1A3-55EBAF5337D9}.Release|x86.Build.0 = Release|Any CPU
		{29F084C8-7D70-466E-8263-9C9E78BE5E43}.Debug|Any CPU.ActiveCfg = Debug|Any CPU
		{29F084C8-7D70-466E-8263-9C9E78BE5E43}.Debug|Any CPU.Build.0 = Debug|Any CPU
		{29F084C8-7D70-466E-8263-9C9E78BE5E43}.Debug|x64.ActiveCfg = Debug|Any CPU
		{29F084C8-7D70-466E-8263-9C9E78BE5E43}.Debug|x86.ActiveCfg = Debug|Any CPU
		{29F084C8-7D70-466E-8263-9C9E78BE5E43}.Release|Any CPU.ActiveCfg = Release|Any CPU
		{29F084C8-7D70-466E-8263-9C9E78BE5E43}.Release|Any CPU.Build.0 = Release|Any CPU
		{29F084C8-7D70-466E-8263-9C9E78BE5E43}.Release|x64.ActiveCfg = Release|Any CPU
		{29F084C8-7D70-466E-8263-9C9E78BE5E43}.Release|x86.ActiveCfg = Release|Any CPU
		{6CCDE2EA-77F6-4F20-BABD-2B8611C792F4}.Debug|Any CPU.ActiveCfg = Debug|Any CPU
		{6CCDE2EA-77F6-4F20-BABD-2B8611C792F4}.Debug|Any CPU.Build.0 = Debug|Any CPU
		{6CCDE2EA-77F6-4F20-BABD-2B8611C792F4}.Debug|x64.ActiveCfg = Debug|Any CPU
		{6CCDE2EA-77F6-4F20-BABD-2B8611C792F4}.Debug|x64.Build.0 = Debug|Any CPU
		{6CCDE2EA-77F6-4F20-BABD-2B8611C792F4}.Debug|x86.ActiveCfg = Debug|Any CPU
		{6CCDE2EA-77F6-4F20-BABD-2B8611C792F4}.Debug|x86.Build.0 = Debug|Any CPU
		{6CCDE2EA-77F6-4F20-BABD-2B8611C792F4}.Release|Any CPU.ActiveCfg = Release|Any CPU
		{6CCDE2EA-77F6-4F20-BABD-2B8611C792F4}.Release|Any CPU.Build.0 = Release|Any CPU
		{6CCDE2EA-77F6-4F20-BABD-2B8611C792F4}.Release|x64.ActiveCfg = Release|Any CPU
		{6CCDE2EA-77F6-4F20-BABD-2B8611C792F4}.Release|x64.Build.0 = Release|Any CPU
		{6CCDE2EA-77F6-4F20-BABD-2B8611C792F4}.Release|x86.ActiveCfg = Release|Any CPU
		{6CCDE2EA-77F6-4F20-BABD-2B8611C792F4}.Release|x86.Build.0 = Release|Any CPU
		{E40CBF6D-74EF-402C-92B3-87A274929BA7}.Debug|Any CPU.ActiveCfg = Debug|Any CPU
		{E40CBF6D-74EF-402C-92B3-87A274929BA7}.Debug|Any CPU.Build.0 = Debug|Any CPU
		{E40CBF6D-74EF-402C-92B3-87A274929BA7}.Debug|x64.ActiveCfg = Debug|Any CPU
		{E40CBF6D-74EF-402C-92B3-87A274929BA7}.Debug|x64.Build.0 = Debug|Any CPU
		{E40CBF6D-74EF-402C-92B3-87A274929BA7}.Debug|x86.ActiveCfg = Debug|Any CPU
		{E40CBF6D-74EF-402C-92B3-87A274929BA7}.Debug|x86.Build.0 = Debug|Any CPU
		{E40CBF6D-74EF-402C-92B3-87A274929BA7}.Release|Any CPU.ActiveCfg = Release|Any CPU
		{E40CBF6D-74EF-402C-92B3-87A274929BA7}.Release|Any CPU.Build.0 = Release|Any CPU
		{E40CBF6D-74EF-402C-92B3-87A274929BA7}.Release|x64.ActiveCfg = Release|Any CPU
		{E40CBF6D-74EF-402C-92B3-87A274929BA7}.Release|x64.Build.0 = Release|Any CPU
		{E40CBF6D-74EF-402C-92B3-87A274929BA7}.Release|x86.ActiveCfg = Release|Any CPU
		{E40CBF6D-74EF-402C-92B3-87A274929BA7}.Release|x86.Build.0 = Release|Any CPU
		{1F5F321F-C91E-47D6-AFD3-37D27E21C05B}.Debug|Any CPU.ActiveCfg = Debug|Any CPU
		{1F5F321F-C91E-47D6-AFD3-37D27E21C05B}.Debug|Any CPU.Build.0 = Debug|Any CPU
		{1F5F321F-C91E-47D6-AFD3-37D27E21C05B}.Debug|x64.ActiveCfg = Debug|Any CPU
		{1F5F321F-C91E-47D6-AFD3-37D27E21C05B}.Debug|x64.Build.0 = Debug|Any CPU
		{1F5F321F-C91E-47D6-AFD3-37D27E21C05B}.Debug|x86.ActiveCfg = Debug|Any CPU
		{1F5F321F-C91E-47D6-AFD3-37D27E21C05B}.Debug|x86.Build.0 = Debug|Any CPU
		{1F5F321F-C91E-47D6-AFD3-37D27E21C05B}.Release|Any CPU.ActiveCfg = Release|Any CPU
		{1F5F321F-C91E-47D6-AFD3-37D27E21C05B}.Release|Any CPU.Build.0 = Release|Any CPU
		{1F5F321F-C91E-47D6-AFD3-37D27E21C05B}.Release|x64.ActiveCfg = Release|Any CPU
		{1F5F321F-C91E-47D6-AFD3-37D27E21C05B}.Release|x64.Build.0 = Release|Any CPU
		{1F5F321F-C91E-47D6-AFD3-37D27E21C05B}.Release|x86.ActiveCfg = Release|Any CPU
		{1F5F321F-C91E-47D6-AFD3-37D27E21C05B}.Release|x86.Build.0 = Release|Any CPU
		{E1EC7DEE-ACDA-4E92-807A-3C92BE7FE4AF}.Debug|Any CPU.ActiveCfg = Debug|Any CPU
		{E1EC7DEE-ACDA-4E92-807A-3C92BE7FE4AF}.Debug|Any CPU.Build.0 = Debug|Any CPU
		{E1EC7DEE-ACDA-4E92-807A-3C92BE7FE4AF}.Debug|x64.ActiveCfg = Debug|Any CPU
		{E1EC7DEE-ACDA-4E92-807A-3C92BE7FE4AF}.Debug|x64.Build.0 = Debug|Any CPU
		{E1EC7DEE-ACDA-4E92-807A-3C92BE7FE4AF}.Debug|x86.ActiveCfg = Debug|Any CPU
		{E1EC7DEE-ACDA-4E92-807A-3C92BE7FE4AF}.Debug|x86.Build.0 = Debug|Any CPU
		{E1EC7DEE-ACDA-4E92-807A-3C92BE7FE4AF}.Release|Any CPU.ActiveCfg = Release|Any CPU
		{E1EC7DEE-ACDA-4E92-807A-3C92BE7FE4AF}.Release|Any CPU.Build.0 = Release|Any CPU
		{E1EC7DEE-ACDA-4E92-807A-3C92BE7FE4AF}.Release|x64.ActiveCfg = Release|Any CPU
		{E1EC7DEE-ACDA-4E92-807A-3C92BE7FE4AF}.Release|x64.Build.0 = Release|Any CPU
		{E1EC7DEE-ACDA-4E92-807A-3C92BE7FE4AF}.Release|x86.ActiveCfg = Release|Any CPU
		{E1EC7DEE-ACDA-4E92-807A-3C92BE7FE4AF}.Release|x86.Build.0 = Release|Any CPU
		{539AC65E-0D3C-401A-B215-CEF9329A3EC5}.Debug|Any CPU.ActiveCfg = Debug|Any CPU
		{539AC65E-0D3C-401A-B215-CEF9329A3EC5}.Debug|Any CPU.Build.0 = Debug|Any CPU
		{539AC65E-0D3C-401A-B215-CEF9329A3EC5}.Debug|x64.ActiveCfg = Debug|Any CPU
		{539AC65E-0D3C-401A-B215-CEF9329A3EC5}.Debug|x64.Build.0 = Debug|Any CPU
		{539AC65E-0D3C-401A-B215-CEF9329A3EC5}.Debug|x86.ActiveCfg = Debug|Any CPU
		{539AC65E-0D3C-401A-B215-CEF9329A3EC5}.Debug|x86.Build.0 = Debug|Any CPU
		{539AC65E-0D3C-401A-B215-CEF9329A3EC5}.Release|Any CPU.ActiveCfg = Release|Any CPU
		{539AC65E-0D3C-401A-B215-CEF9329A3EC5}.Release|Any CPU.Build.0 = Release|Any CPU
		{539AC65E-0D3C-401A-B215-CEF9329A3EC5}.Release|x64.ActiveCfg = Release|Any CPU
		{539AC65E-0D3C-401A-B215-CEF9329A3EC5}.Release|x64.Build.0 = Release|Any CPU
		{539AC65E-0D3C-401A-B215-CEF9329A3EC5}.Release|x86.ActiveCfg = Release|Any CPU
		{539AC65E-0D3C-401A-B215-CEF9329A3EC5}.Release|x86.Build.0 = Release|Any CPU
		{CB120EE5-392F-4B42-A69B-341BA2CC2F50}.Debug|Any CPU.ActiveCfg = Debug|Any CPU
		{CB120EE5-392F-4B42-A69B-341BA2CC2F50}.Debug|Any CPU.Build.0 = Debug|Any CPU
		{CB120EE5-392F-4B42-A69B-341BA2CC2F50}.Debug|x64.ActiveCfg = Debug|Any CPU
		{CB120EE5-392F-4B42-A69B-341BA2CC2F50}.Debug|x64.Build.0 = Debug|Any CPU
		{CB120EE5-392F-4B42-A69B-341BA2CC2F50}.Debug|x86.ActiveCfg = Debug|Any CPU
		{CB120EE5-392F-4B42-A69B-341BA2CC2F50}.Debug|x86.Build.0 = Debug|Any CPU
		{CB120EE5-392F-4B42-A69B-341BA2CC2F50}.Release|Any CPU.ActiveCfg = Release|Any CPU
		{CB120EE5-392F-4B42-A69B-341BA2CC2F50}.Release|Any CPU.Build.0 = Release|Any CPU
		{CB120EE5-392F-4B42-A69B-341BA2CC2F50}.Release|x64.ActiveCfg = Release|Any CPU
		{CB120EE5-392F-4B42-A69B-341BA2CC2F50}.Release|x64.Build.0 = Release|Any CPU
		{CB120EE5-392F-4B42-A69B-341BA2CC2F50}.Release|x86.ActiveCfg = Release|Any CPU
		{CB120EE5-392F-4B42-A69B-341BA2CC2F50}.Release|x86.Build.0 = Release|Any CPU
		{450480DD-B8C4-4AE8-9F2E-2511C7B8D44E}.Debug|Any CPU.ActiveCfg = Debug|Any CPU
		{450480DD-B8C4-4AE8-9F2E-2511C7B8D44E}.Debug|Any CPU.Build.0 = Debug|Any CPU
		{450480DD-B8C4-4AE8-9F2E-2511C7B8D44E}.Debug|x64.ActiveCfg = Debug|Any CPU
		{450480DD-B8C4-4AE8-9F2E-2511C7B8D44E}.Debug|x64.Build.0 = Debug|Any CPU
		{450480DD-B8C4-4AE8-9F2E-2511C7B8D44E}.Debug|x86.ActiveCfg = Debug|Any CPU
		{450480DD-B8C4-4AE8-9F2E-2511C7B8D44E}.Debug|x86.Build.0 = Debug|Any CPU
		{450480DD-B8C4-4AE8-9F2E-2511C7B8D44E}.Release|Any CPU.ActiveCfg = Release|Any CPU
		{450480DD-B8C4-4AE8-9F2E-2511C7B8D44E}.Release|Any CPU.Build.0 = Release|Any CPU
		{450480DD-B8C4-4AE8-9F2E-2511C7B8D44E}.Release|x64.ActiveCfg = Release|Any CPU
		{450480DD-B8C4-4AE8-9F2E-2511C7B8D44E}.Release|x64.Build.0 = Release|Any CPU
		{450480DD-B8C4-4AE8-9F2E-2511C7B8D44E}.Release|x86.ActiveCfg = Release|Any CPU
		{450480DD-B8C4-4AE8-9F2E-2511C7B8D44E}.Release|x86.Build.0 = Release|Any CPU
		{51AA4BF4-1650-43C3-A31A-52EE8041D283}.Debug|Any CPU.ActiveCfg = Debug|Any CPU
		{51AA4BF4-1650-43C3-A31A-52EE8041D283}.Debug|Any CPU.Build.0 = Debug|Any CPU
		{51AA4BF4-1650-43C3-A31A-52EE8041D283}.Debug|x64.ActiveCfg = Debug|Any CPU
		{51AA4BF4-1650-43C3-A31A-52EE8041D283}.Debug|x64.Build.0 = Debug|Any CPU
		{51AA4BF4-1650-43C3-A31A-52EE8041D283}.Debug|x86.ActiveCfg = Debug|Any CPU
		{51AA4BF4-1650-43C3-A31A-52EE8041D283}.Debug|x86.Build.0 = Debug|Any CPU
		{51AA4BF4-1650-43C3-A31A-52EE8041D283}.Release|Any CPU.ActiveCfg = Release|Any CPU
		{51AA4BF4-1650-43C3-A31A-52EE8041D283}.Release|Any CPU.Build.0 = Release|Any CPU
		{51AA4BF4-1650-43C3-A31A-52EE8041D283}.Release|x64.ActiveCfg = Release|Any CPU
		{51AA4BF4-1650-43C3-A31A-52EE8041D283}.Release|x64.Build.0 = Release|Any CPU
		{51AA4BF4-1650-43C3-A31A-52EE8041D283}.Release|x86.ActiveCfg = Release|Any CPU
		{51AA4BF4-1650-43C3-A31A-52EE8041D283}.Release|x86.Build.0 = Release|Any CPU
		{04C1C384-B0D4-4209-BB0D-E500237AC103}.Debug|Any CPU.ActiveCfg = Debug|Any CPU
		{04C1C384-B0D4-4209-BB0D-E500237AC103}.Debug|Any CPU.Build.0 = Debug|Any CPU
		{04C1C384-B0D4-4209-BB0D-E500237AC103}.Debug|x64.ActiveCfg = Debug|Any CPU
		{04C1C384-B0D4-4209-BB0D-E500237AC103}.Debug|x64.Build.0 = Debug|Any CPU
		{04C1C384-B0D4-4209-BB0D-E500237AC103}.Debug|x86.ActiveCfg = Debug|Any CPU
		{04C1C384-B0D4-4209-BB0D-E500237AC103}.Debug|x86.Build.0 = Debug|Any CPU
		{04C1C384-B0D4-4209-BB0D-E500237AC103}.Release|Any CPU.ActiveCfg = Release|Any CPU
		{04C1C384-B0D4-4209-BB0D-E500237AC103}.Release|Any CPU.Build.0 = Release|Any CPU
		{04C1C384-B0D4-4209-BB0D-E500237AC103}.Release|x64.ActiveCfg = Release|Any CPU
		{04C1C384-B0D4-4209-BB0D-E500237AC103}.Release|x64.Build.0 = Release|Any CPU
		{04C1C384-B0D4-4209-BB0D-E500237AC103}.Release|x86.ActiveCfg = Release|Any CPU
		{04C1C384-B0D4-4209-BB0D-E500237AC103}.Release|x86.Build.0 = Release|Any CPU
		{251125B8-06D6-4B54-98C7-D22839FE851F}.Debug|Any CPU.ActiveCfg = Debug|Any CPU
		{251125B8-06D6-4B54-98C7-D22839FE851F}.Debug|Any CPU.Build.0 = Debug|Any CPU
		{251125B8-06D6-4B54-98C7-D22839FE851F}.Debug|x64.ActiveCfg = Debug|Any CPU
		{251125B8-06D6-4B54-98C7-D22839FE851F}.Debug|x64.Build.0 = Debug|Any CPU
		{251125B8-06D6-4B54-98C7-D22839FE851F}.Debug|x86.ActiveCfg = Debug|Any CPU
		{251125B8-06D6-4B54-98C7-D22839FE851F}.Debug|x86.Build.0 = Debug|Any CPU
		{251125B8-06D6-4B54-98C7-D22839FE851F}.Release|Any CPU.ActiveCfg = Release|Any CPU
		{251125B8-06D6-4B54-98C7-D22839FE851F}.Release|Any CPU.Build.0 = Release|Any CPU
		{251125B8-06D6-4B54-98C7-D22839FE851F}.Release|x64.ActiveCfg = Release|Any CPU
		{251125B8-06D6-4B54-98C7-D22839FE851F}.Release|x64.Build.0 = Release|Any CPU
		{251125B8-06D6-4B54-98C7-D22839FE851F}.Release|x86.ActiveCfg = Release|Any CPU
		{251125B8-06D6-4B54-98C7-D22839FE851F}.Release|x86.Build.0 = Release|Any CPU
		{64DB4F59-EBEA-4281-ACA2-8DC7C6F40601}.Debug|Any CPU.ActiveCfg = Debug|Any CPU
		{64DB4F59-EBEA-4281-ACA2-8DC7C6F40601}.Debug|Any CPU.Build.0 = Debug|Any CPU
		{64DB4F59-EBEA-4281-ACA2-8DC7C6F40601}.Debug|x64.ActiveCfg = Debug|Any CPU
		{64DB4F59-EBEA-4281-ACA2-8DC7C6F40601}.Debug|x64.Build.0 = Debug|Any CPU
		{64DB4F59-EBEA-4281-ACA2-8DC7C6F40601}.Debug|x86.ActiveCfg = Debug|Any CPU
		{64DB4F59-EBEA-4281-ACA2-8DC7C6F40601}.Debug|x86.Build.0 = Debug|Any CPU
		{64DB4F59-EBEA-4281-ACA2-8DC7C6F40601}.Release|Any CPU.ActiveCfg = Release|Any CPU
		{64DB4F59-EBEA-4281-ACA2-8DC7C6F40601}.Release|Any CPU.Build.0 = Release|Any CPU
		{64DB4F59-EBEA-4281-ACA2-8DC7C6F40601}.Release|x64.ActiveCfg = Release|Any CPU
		{64DB4F59-EBEA-4281-ACA2-8DC7C6F40601}.Release|x64.Build.0 = Release|Any CPU
		{64DB4F59-EBEA-4281-ACA2-8DC7C6F40601}.Release|x86.ActiveCfg = Release|Any CPU
		{64DB4F59-EBEA-4281-ACA2-8DC7C6F40601}.Release|x86.Build.0 = Release|Any CPU
		{3F5E1C80-1025-49EB-A134-2D5F77DEA0AA}.Debug|Any CPU.ActiveCfg = Debug|Any CPU
		{3F5E1C80-1025-49EB-A134-2D5F77DEA0AA}.Debug|Any CPU.Build.0 = Debug|Any CPU
		{3F5E1C80-1025-49EB-A134-2D5F77DEA0AA}.Debug|x64.ActiveCfg = Debug|Any CPU
		{3F5E1C80-1025-49EB-A134-2D5F77DEA0AA}.Debug|x64.Build.0 = Debug|Any CPU
		{3F5E1C80-1025-49EB-A134-2D5F77DEA0AA}.Debug|x86.ActiveCfg = Debug|Any CPU
		{3F5E1C80-1025-49EB-A134-2D5F77DEA0AA}.Debug|x86.Build.0 = Debug|Any CPU
		{3F5E1C80-1025-49EB-A134-2D5F77DEA0AA}.Release|Any CPU.ActiveCfg = Release|Any CPU
		{3F5E1C80-1025-49EB-A134-2D5F77DEA0AA}.Release|Any CPU.Build.0 = Release|Any CPU
		{3F5E1C80-1025-49EB-A134-2D5F77DEA0AA}.Release|x64.ActiveCfg = Release|Any CPU
		{3F5E1C80-1025-49EB-A134-2D5F77DEA0AA}.Release|x64.Build.0 = Release|Any CPU
		{3F5E1C80-1025-49EB-A134-2D5F77DEA0AA}.Release|x86.ActiveCfg = Release|Any CPU
		{3F5E1C80-1025-49EB-A134-2D5F77DEA0AA}.Release|x86.Build.0 = Release|Any CPU
		{C0CA53F3-78C1-4A0B-9092-126AF1D0F593}.Debug|Any CPU.ActiveCfg = Debug|Any CPU
		{C0CA53F3-78C1-4A0B-9092-126AF1D0F593}.Debug|Any CPU.Build.0 = Debug|Any CPU
		{C0CA53F3-78C1-4A0B-9092-126AF1D0F593}.Debug|x64.ActiveCfg = Debug|Any CPU
		{C0CA53F3-78C1-4A0B-9092-126AF1D0F593}.Debug|x64.Build.0 = Debug|Any CPU
		{C0CA53F3-78C1-4A0B-9092-126AF1D0F593}.Debug|x86.ActiveCfg = Debug|Any CPU
		{C0CA53F3-78C1-4A0B-9092-126AF1D0F593}.Debug|x86.Build.0 = Debug|Any CPU
		{C0CA53F3-78C1-4A0B-9092-126AF1D0F593}.Release|Any CPU.ActiveCfg = Release|Any CPU
		{C0CA53F3-78C1-4A0B-9092-126AF1D0F593}.Release|Any CPU.Build.0 = Release|Any CPU
		{C0CA53F3-78C1-4A0B-9092-126AF1D0F593}.Release|x64.ActiveCfg = Release|Any CPU
		{C0CA53F3-78C1-4A0B-9092-126AF1D0F593}.Release|x64.Build.0 = Release|Any CPU
		{C0CA53F3-78C1-4A0B-9092-126AF1D0F593}.Release|x86.ActiveCfg = Release|Any CPU
		{C0CA53F3-78C1-4A0B-9092-126AF1D0F593}.Release|x86.Build.0 = Release|Any CPU
		{B3566CA0-4A33-47D8-8A72-272927809A78}.Debug|Any CPU.ActiveCfg = Debug|Any CPU
		{B3566CA0-4A33-47D8-8A72-272927809A78}.Debug|Any CPU.Build.0 = Debug|Any CPU
		{B3566CA0-4A33-47D8-8A72-272927809A78}.Debug|x64.ActiveCfg = Debug|Any CPU
		{B3566CA0-4A33-47D8-8A72-272927809A78}.Debug|x64.Build.0 = Debug|Any CPU
		{B3566CA0-4A33-47D8-8A72-272927809A78}.Debug|x86.ActiveCfg = Debug|Any CPU
		{B3566CA0-4A33-47D8-8A72-272927809A78}.Debug|x86.Build.0 = Debug|Any CPU
		{B3566CA0-4A33-47D8-8A72-272927809A78}.Release|Any CPU.ActiveCfg = Release|Any CPU
		{B3566CA0-4A33-47D8-8A72-272927809A78}.Release|Any CPU.Build.0 = Release|Any CPU
		{B3566CA0-4A33-47D8-8A72-272927809A78}.Release|x64.ActiveCfg = Release|Any CPU
		{B3566CA0-4A33-47D8-8A72-272927809A78}.Release|x64.Build.0 = Release|Any CPU
		{B3566CA0-4A33-47D8-8A72-272927809A78}.Release|x86.ActiveCfg = Release|Any CPU
		{B3566CA0-4A33-47D8-8A72-272927809A78}.Release|x86.Build.0 = Release|Any CPU
		{464B020E-AF16-49C0-B643-5030A1BC087F}.Debug|Any CPU.ActiveCfg = Debug|Any CPU
		{464B020E-AF16-49C0-B643-5030A1BC087F}.Debug|Any CPU.Build.0 = Debug|Any CPU
		{464B020E-AF16-49C0-B643-5030A1BC087F}.Debug|x64.ActiveCfg = Debug|Any CPU
		{464B020E-AF16-49C0-B643-5030A1BC087F}.Debug|x64.Build.0 = Debug|Any CPU
		{464B020E-AF16-49C0-B643-5030A1BC087F}.Debug|x86.ActiveCfg = Debug|Any CPU
		{464B020E-AF16-49C0-B643-5030A1BC087F}.Debug|x86.Build.0 = Debug|Any CPU
		{464B020E-AF16-49C0-B643-5030A1BC087F}.Release|Any CPU.ActiveCfg = Release|Any CPU
		{464B020E-AF16-49C0-B643-5030A1BC087F}.Release|Any CPU.Build.0 = Release|Any CPU
		{464B020E-AF16-49C0-B643-5030A1BC087F}.Release|x64.ActiveCfg = Release|Any CPU
		{464B020E-AF16-49C0-B643-5030A1BC087F}.Release|x64.Build.0 = Release|Any CPU
		{464B020E-AF16-49C0-B643-5030A1BC087F}.Release|x86.ActiveCfg = Release|Any CPU
		{464B020E-AF16-49C0-B643-5030A1BC087F}.Release|x86.Build.0 = Release|Any CPU
		{BCCB3BF8-5104-4FD4-9744-F17FAA892548}.Debug|Any CPU.ActiveCfg = Debug|Any CPU
		{BCCB3BF8-5104-4FD4-9744-F17FAA892548}.Debug|Any CPU.Build.0 = Debug|Any CPU
		{BCCB3BF8-5104-4FD4-9744-F17FAA892548}.Debug|x64.ActiveCfg = Debug|Any CPU
		{BCCB3BF8-5104-4FD4-9744-F17FAA892548}.Debug|x64.Build.0 = Debug|Any CPU
		{BCCB3BF8-5104-4FD4-9744-F17FAA892548}.Debug|x86.ActiveCfg = Debug|Any CPU
		{BCCB3BF8-5104-4FD4-9744-F17FAA892548}.Debug|x86.Build.0 = Debug|Any CPU
		{BCCB3BF8-5104-4FD4-9744-F17FAA892548}.Release|Any CPU.ActiveCfg = Release|Any CPU
		{BCCB3BF8-5104-4FD4-9744-F17FAA892548}.Release|Any CPU.Build.0 = Release|Any CPU
		{BCCB3BF8-5104-4FD4-9744-F17FAA892548}.Release|x64.ActiveCfg = Release|Any CPU
		{BCCB3BF8-5104-4FD4-9744-F17FAA892548}.Release|x64.Build.0 = Release|Any CPU
		{BCCB3BF8-5104-4FD4-9744-F17FAA892548}.Release|x86.ActiveCfg = Release|Any CPU
		{BCCB3BF8-5104-4FD4-9744-F17FAA892548}.Release|x86.Build.0 = Release|Any CPU
		{4A30152C-F373-4FB8-B6CE-C0C99E943CB1}.Debug|Any CPU.ActiveCfg = Debug|Any CPU
		{4A30152C-F373-4FB8-B6CE-C0C99E943CB1}.Debug|Any CPU.Build.0 = Debug|Any CPU
		{4A30152C-F373-4FB8-B6CE-C0C99E943CB1}.Debug|x64.ActiveCfg = Debug|Any CPU
		{4A30152C-F373-4FB8-B6CE-C0C99E943CB1}.Debug|x64.Build.0 = Debug|Any CPU
		{4A30152C-F373-4FB8-B6CE-C0C99E943CB1}.Debug|x86.ActiveCfg = Debug|Any CPU
		{4A30152C-F373-4FB8-B6CE-C0C99E943CB1}.Debug|x86.Build.0 = Debug|Any CPU
		{4A30152C-F373-4FB8-B6CE-C0C99E943CB1}.Release|Any CPU.ActiveCfg = Release|Any CPU
		{4A30152C-F373-4FB8-B6CE-C0C99E943CB1}.Release|Any CPU.Build.0 = Release|Any CPU
		{4A30152C-F373-4FB8-B6CE-C0C99E943CB1}.Release|x64.ActiveCfg = Release|Any CPU
		{4A30152C-F373-4FB8-B6CE-C0C99E943CB1}.Release|x64.Build.0 = Release|Any CPU
		{4A30152C-F373-4FB8-B6CE-C0C99E943CB1}.Release|x86.ActiveCfg = Release|Any CPU
		{4A30152C-F373-4FB8-B6CE-C0C99E943CB1}.Release|x86.Build.0 = Release|Any CPU
		{91607762-4DA1-4F1E-A52C-16500445BB17}.Debug|Any CPU.ActiveCfg = Debug|Any CPU
		{91607762-4DA1-4F1E-A52C-16500445BB17}.Debug|Any CPU.Build.0 = Debug|Any CPU
		{91607762-4DA1-4F1E-A52C-16500445BB17}.Debug|x64.ActiveCfg = Debug|Any CPU
		{91607762-4DA1-4F1E-A52C-16500445BB17}.Debug|x64.Build.0 = Debug|Any CPU
		{91607762-4DA1-4F1E-A52C-16500445BB17}.Debug|x86.ActiveCfg = Debug|Any CPU
		{91607762-4DA1-4F1E-A52C-16500445BB17}.Debug|x86.Build.0 = Debug|Any CPU
		{91607762-4DA1-4F1E-A52C-16500445BB17}.Release|Any CPU.ActiveCfg = Release|Any CPU
		{91607762-4DA1-4F1E-A52C-16500445BB17}.Release|Any CPU.Build.0 = Release|Any CPU
		{91607762-4DA1-4F1E-A52C-16500445BB17}.Release|x64.ActiveCfg = Release|Any CPU
		{91607762-4DA1-4F1E-A52C-16500445BB17}.Release|x64.Build.0 = Release|Any CPU
		{91607762-4DA1-4F1E-A52C-16500445BB17}.Release|x86.ActiveCfg = Release|Any CPU
		{91607762-4DA1-4F1E-A52C-16500445BB17}.Release|x86.Build.0 = Release|Any CPU
		{1C885F84-DA6E-41A0-ACD9-21745BEF0475}.Debug|Any CPU.ActiveCfg = Debug|Any CPU
		{1C885F84-DA6E-41A0-ACD9-21745BEF0475}.Debug|Any CPU.Build.0 = Debug|Any CPU
		{1C885F84-DA6E-41A0-ACD9-21745BEF0475}.Debug|x64.ActiveCfg = Debug|Any CPU
		{1C885F84-DA6E-41A0-ACD9-21745BEF0475}.Debug|x64.Build.0 = Debug|Any CPU
		{1C885F84-DA6E-41A0-ACD9-21745BEF0475}.Debug|x86.ActiveCfg = Debug|Any CPU
		{1C885F84-DA6E-41A0-ACD9-21745BEF0475}.Debug|x86.Build.0 = Debug|Any CPU
		{1C885F84-DA6E-41A0-ACD9-21745BEF0475}.Release|Any CPU.ActiveCfg = Release|Any CPU
		{1C885F84-DA6E-41A0-ACD9-21745BEF0475}.Release|Any CPU.Build.0 = Release|Any CPU
		{1C885F84-DA6E-41A0-ACD9-21745BEF0475}.Release|x64.ActiveCfg = Release|Any CPU
		{1C885F84-DA6E-41A0-ACD9-21745BEF0475}.Release|x64.Build.0 = Release|Any CPU
		{1C885F84-DA6E-41A0-ACD9-21745BEF0475}.Release|x86.ActiveCfg = Release|Any CPU
		{1C885F84-DA6E-41A0-ACD9-21745BEF0475}.Release|x86.Build.0 = Release|Any CPU
		{E420F9E1-6517-4F27-8953-DFDADB222F15}.Debug|Any CPU.ActiveCfg = Debug|Any CPU
		{E420F9E1-6517-4F27-8953-DFDADB222F15}.Debug|Any CPU.Build.0 = Debug|Any CPU
		{E420F9E1-6517-4F27-8953-DFDADB222F15}.Debug|x64.ActiveCfg = Debug|Any CPU
		{E420F9E1-6517-4F27-8953-DFDADB222F15}.Debug|x64.Build.0 = Debug|Any CPU
		{E420F9E1-6517-4F27-8953-DFDADB222F15}.Debug|x86.ActiveCfg = Debug|Any CPU
		{E420F9E1-6517-4F27-8953-DFDADB222F15}.Debug|x86.Build.0 = Debug|Any CPU
		{E420F9E1-6517-4F27-8953-DFDADB222F15}.Release|Any CPU.ActiveCfg = Release|Any CPU
		{E420F9E1-6517-4F27-8953-DFDADB222F15}.Release|Any CPU.Build.0 = Release|Any CPU
		{E420F9E1-6517-4F27-8953-DFDADB222F15}.Release|x64.ActiveCfg = Release|Any CPU
		{E420F9E1-6517-4F27-8953-DFDADB222F15}.Release|x64.Build.0 = Release|Any CPU
		{E420F9E1-6517-4F27-8953-DFDADB222F15}.Release|x86.ActiveCfg = Release|Any CPU
		{E420F9E1-6517-4F27-8953-DFDADB222F15}.Release|x86.Build.0 = Release|Any CPU
	EndGlobalSection
	GlobalSection(SolutionProperties) = preSolution
		HideSolutionNode = FALSE
	EndGlobalSection
	GlobalSection(NestedProjects) = preSolution
		{464B020E-AF16-49C0-B643-5030A1BC087F} = {1F47634E-6252-4F65-9B83-6AE95512DA3E}
		{BCCB3BF8-5104-4FD4-9744-F17FAA892548} = {1F47634E-6252-4F65-9B83-6AE95512DA3E}
	EndGlobalSection
	GlobalSection(ExtensibilityGlobals) = postSolution
		SolutionGuid = {E4445FC9-8AF0-4F95-9AA3-5864BCE9B3D1}
	EndGlobalSection
EndGlobal
